
Microsoft Visual Studio Solution File, Format Version 12.00
# Visual Studio Version 16
VisualStudioVersion = 16.0.30523.141
MinimumVisualStudioVersion = 10.0.40219.1
Project("{FAE04EC0-301F-11D3-BF4B-00C04F79EFBC}") = "WinTestThirdPrj", "WinTestThirdPrj\WinTestThirdPrj.csproj", "{1792D4BF-1717-444C-9055-5AF1FC3EEFE5}"
EndProject
Global
	GlobalSection(SolutionConfigurationPlatforms) = preSolution
		Debug|Any CPU = Debug|Any CPU
		Release|Any CPU = Release|Any CPU
	EndGlobalSection
	GlobalSection(ProjectConfigurationPlatforms) = postSolution
		{1792D4BF-1717-444C-9055-5AF1FC3EEFE5}.Debug|Any CPU.ActiveCfg = Debug|Any CPU
		{1792D4BF-1717-444C-9055-5AF1FC3EEFE5}.Debug|Any CPU.Build.0 = Debug|Any CPU
		{1792D4BF-1717-444C-9055-5AF1FC3EEFE5}.Release|Any CPU.ActiveCfg = Release|Any CPU
		{1792D4BF-1717-444C-9055-5AF1FC3EEFE5}.Release|Any CPU.Build.0 = Release|Any CPU
	EndGlobalSection
	GlobalSection(SolutionProperties) = preSolution
		HideSolutionNode = FALSE
	EndGlobalSection
	GlobalSection(ExtensibilityGlobals) = postSolution
		SolutionGuid = {A3029ED8-0701-4BE0-BF19-9D01FA3AD863}
	EndGlobalSection
EndGlobal
